
Microsoft Visual Studio Solution File, Format Version 12.00
# Visual Studio Version 17
VisualStudioVersion = 17.3.32901.215
MinimumVisualStudioVersion = 10.0.40219.1
Project("{FAE04EC0-301F-11D3-BF4B-00C04F79EFBC}") = "ReadMatrixSpiral", "ReadMatrixSpiral\ReadMatrixSpiral.csproj", "{9C37D8C6-787C-47BF-BDEB-DDA7625DE3D2}"
EndProject
Project("{FAE04EC0-301F-11D3-BF4B-00C04F79EFBC}") = "ReadMatrixSpiral.Tests", "ReadMatrixSpiral.Tests\ReadMatrixSpiral.Tests.csproj", "{42B77AEF-A6E5-4EA2-9D32-F53AB529E9A5}"
EndProject
Global
	GlobalSection(SolutionConfigurationPlatforms) = preSolution
		Debug|Any CPU = Debug|Any CPU
		Release|Any CPU = Release|Any CPU
	EndGlobalSection
	GlobalSection(ProjectConfigurationPlatforms) = postSolution
		{9C37D8C6-787C-47BF-BDEB-DDA7625DE3D2}.Debug|Any CPU.ActiveCfg = Debug|Any CPU
		{9C37D8C6-787C-47BF-BDEB-DDA7625DE3D2}.Debug|Any CPU.Build.0 = Debug|Any CPU
		{9C37D8C6-787C-47BF-BDEB-DDA7625DE3D2}.Release|Any CPU.ActiveCfg = Release|Any CPU
		{9C37D8C6-787C-47BF-BDEB-DDA7625DE3D2}.Release|Any CPU.Build.0 = Release|Any CPU
		{42B77AEF-A6E5-4EA2-9D32-F53AB529E9A5}.Debug|Any CPU.ActiveCfg = Debug|Any CPU
		{42B77AEF-A6E5-4EA2-9D32-F53AB529E9A5}.Debug|Any CPU.Build.0 = Debug|Any CPU
		{42B77AEF-A6E5-4EA2-9D32-F53AB529E9A5}.Release|Any CPU.ActiveCfg = Release|Any CPU
		{42B77AEF-A6E5-4EA2-9D32-F53AB529E9A5}.Release|Any CPU.Build.0 = Release|Any CPU
	EndGlobalSection
	GlobalSection(SolutionProperties) = preSolution
		HideSolutionNode = FALSE
	EndGlobalSection
	GlobalSection(ExtensibilityGlobals) = postSolution
		SolutionGuid = {AA327D22-DB2E-4E77-8049-60907984C4C6}
	EndGlobalSection
EndGlobal
